{
  "name": "Portfolio-Website",
  "lockfileVersion": 3,
  "requires": true,
  "packages": {
    "": {
      "dependencies": {
        "sweetalert2": "^11.22.4",
        "swiper": "^11.2.10",
        "tailwindcss": "^4.1.12"
      }
    },
    "node_modules/sweetalert2": {
      "version": "11.22.4",
      "resolved": "https://registry.npmjs.org/sweetalert2/-/sweetalert2-11.22.4.tgz",
      "integrity": "sha512-JwcRODfozxiKmspFp+xctZ2izAmLAKbRPcoLMEW7LdugN/YmNrX1LT7hdBW87qsgupEO1ukBBuB17KzKFKW0tg==",
      "license": "MIT",
      "funding": {
        "type": "individual",
        "url": "https://github.com/sponsors/limonte"
      }
    },
    "node_modules/swiper": {
      "version": "11.2.10",
      "resolved": "https://registry.npmjs.org/swiper/-/swiper-11.2.10.tgz",
      "integrity": "sha512-RMeVUUjTQH+6N3ckimK93oxz6Sn5la4aDlgPzB+rBrG/smPdCTicXyhxa+woIpopz+jewEloiEE3lKo1h9w2YQ==",
      "funding": [
        {
          "type": "patreon",
          "url": "https://www.patreon.com/swiperjs"
        },
        {
          "type": "open_collective",
          "url": "http://opencollective.com/swiper"
        }
      ],
      "license": "MIT",
      "engines": {
        "node": ">= 4.7.0"
      }
    },
    "node_modules/tailwindcss": {
      "version": "4.1.12",
      "resolved": "https://registry.npmjs.org/tailwindcss/-/tailwindcss-4.1.12.tgz",
      "integrity": "sha512-DzFtxOi+7NsFf7DBtI3BJsynR+0Yp6etH+nRPTbpWnS2pZBaSksv/JGctNwSWzbFjp0vxSqknaUylseZqMDGrA==",
      "license": "MIT"
    }
  }
}
